
Microsoft Visual Studio Solution File, Format Version 12.00
# Visual Studio 14
VisualStudioVersion = 14.0.23107.0
MinimumVisualStudioVersion = 10.0.40219.1
Project("{FAE04EC0-301F-11D3-BF4B-00C04F79EFBC}") = "AppStore.DAL", "AppStore.DAL\AppStore.DAL.csproj", "{97B75613-6702-4003-8379-715C357E2B2A}"
EndProject
Global
	GlobalSection(SolutionConfigurationPlatforms) = preSolution
		Debug|Any CPU = Debug|Any CPU
		Release|Any CPU = Release|Any CPU
	EndGlobalSection
	GlobalSection(ProjectConfigurationPlatforms) = postSolution
		{97B75613-6702-4003-8379-715C357E2B2A}.Debug|Any CPU.ActiveCfg = Debug|Any CPU
		{97B75613-6702-4003-8379-715C357E2B2A}.Debug|Any CPU.Build.0 = Debug|Any CPU
		{97B75613-6702-4003-8379-715C357E2B2A}.Release|Any CPU.ActiveCfg = Release|Any CPU
		{97B75613-6702-4003-8379-715C357E2B2A}.Release|Any CPU.Build.0 = Release|Any CPU
	EndGlobalSection
	GlobalSection(SolutionProperties) = preSolution
		HideSolutionNode = FALSE
	EndGlobalSection
EndGlobal
